
Microsoft Visual Studio Solution File, Format Version 12.00
Project("{FAE04EC0-301F-11D3-BF4B-00C04F79EFBC}") = "Minject", "Minject\Minject.csproj", "{8637669D-FC4C-45B2-B5F7-B0510D3F3F2C}"
EndProject
Project("{FAE04EC0-301F-11D3-BF4B-00C04F79EFBC}") = "Minject.Tests", "Minject.Tests\Minject.Tests.csproj", "{590B8A03-C1D4-42C7-BFB4-03412804D1BF}"
EndProject
Global
	GlobalSection(SolutionConfigurationPlatforms) = preSolution
		Debug|Any CPU = Debug|Any CPU
		Release|Any CPU = Release|Any CPU
	EndGlobalSection
	GlobalSection(ProjectConfigurationPlatforms) = postSolution
		{8637669D-FC4C-45B2-B5F7-B0510D3F3F2C}.Debug|Any CPU.ActiveCfg = Debug|Any CPU
		{8637669D-FC4C-45B2-B5F7-B0510D3F3F2C}.Debug|Any CPU.Build.0 = Debug|Any CPU
		{8637669D-FC4C-45B2-B5F7-B0510D3F3F2C}.Release|Any CPU.ActiveCfg = Release|Any CPU
		{8637669D-FC4C-45B2-B5F7-B0510D3F3F2C}.Release|Any CPU.Build.0 = Release|Any CPU
		{590B8A03-C1D4-42C7-BFB4-03412804D1BF}.Debug|Any CPU.ActiveCfg = Debug|Any CPU
		{590B8A03-C1D4-42C7-BFB4-03412804D1BF}.Debug|Any CPU.Build.0 = Debug|Any CPU
		{590B8A03-C1D4-42C7-BFB4-03412804D1BF}.Release|Any CPU.ActiveCfg = Release|Any CPU
		{590B8A03-C1D4-42C7-BFB4-03412804D1BF}.Release|Any CPU.Build.0 = Release|Any CPU
	EndGlobalSection
EndGlobal
